# THIS IS AN AUTOGENERATED FILE. DO NOT EDIT THIS FILE DIRECTLY.
# yarn lockfile v1


mitt@^2.1.0:
  version "2.1.0"
  resolved "https://registry.yarnpkg.com/mitt/-/mitt-2.1.0.tgz#f740577c23176c6205b121b2973514eade1b2230"
  integrity sha512-ILj2TpLiysu2wkBbWjAmww7TkZb65aiQO+DkVdUTBpBXq+MHYiETENkKFMtsJZX1Lf4pe4QOrTSjIfUwN5lRdg==

vue-observe-visibility@^2.0.0-alpha.1:
  version "2.0.0-alpha.1"
  resolved "https://registry.yarnpkg.com/vue-observe-visibility/-/vue-observe-visibility-2.0.0-alpha.1.tgz#1e4eda7b12562161d58984b7e0dea676d83bdb13"
  integrity sha512-flFbp/gs9pZniXR6fans8smv1kDScJ8RS7rEpMjhVabiKeq7Qz3D9+eGsypncjfIyyU84saU88XZ0zjbD6Gq/g==

vue-resize@^2.0.0-alpha.1:
  version "2.0.0-alpha.1"
  resolved "https://registry.yarnpkg.com/vue-resize/-/vue-resize-2.0.0-alpha.1.tgz#43eeb79e74febe932b9b20c5c57e0ebc14e2df3a"
  integrity sha512-7+iqOueLU7uc9NrMfrzbG8hwMqchfVfSzpVlCMeJQe4pyibqyoifDNbKTZvwxZKDvGkB+PdFeKvnGZMoEb8esg==

vue-virtual-scroller@^2.0.0-beta.8:
  version "2.0.0-beta.8"
  resolved "https://registry.yarnpkg.com/vue-virtual-scroller/-/vue-virtual-scroller-2.0.0-beta.8.tgz#eeceda57e4faa5ba1763994c873923e2a956898b"
  integrity sha512-b8/f5NQ5nIEBRTNi6GcPItE4s7kxNHw2AIHLtDp+2QvqdTjVN0FgONwX9cr53jWRgnu+HRLPaWDOR2JPI5MTfQ==
  dependencies:
    mitt "^2.1.0"
    vue-observe-visibility "^2.0.0-alpha.1"
    vue-resize "^2.0.0-alpha.1"
